// !$*UTF8*$!
{
	archiveVersion = 1;
	classes = {
	};
	objectVersion = 56;
	objects = {

/* Begin PBXBuildFile section */
		4D05373F2C2574A3004999EF /* App_ToDoListApp.swift in Sources */ = {isa = PBXBuildFile; fileRef = 4D05373E2C2574A3004999EF /* App_ToDoListApp.swift */; };
		4D0537432C2574A5004999EF /* Assets.xcassets in Resources */ = {isa = PBXBuildFile; fileRef = 4D0537422C2574A5004999EF /* Assets.xcassets */; };
		4D0537462C2574A5004999EF /* Preview Assets.xcassets in Resources */ = {isa = PBXBuildFile; fileRef = 4D0537452C2574A5004999EF /* Preview Assets.xcassets */; };
		4D0537502C2574A5004999EF /* App_ToDoListTests.swift in Sources */ = {isa = PBXBuildFile; fileRef = 4D05374F2C2574A5004999EF /* App_ToDoListTests.swift */; };
		4D05375A2C2574A5004999EF /* App_ToDoListUITests.swift in Sources */ = {isa = PBXBuildFile; fileRef = 4D0537592C2574A5004999EF /* App_ToDoListUITests.swift */; };
		4D05375C2C2574A5004999EF /* App_ToDoListUITestsLaunchTests.swift in Sources */ = {isa = PBXBuildFile; fileRef = 4D05375B2C2574A5004999EF /* App_ToDoListUITestsLaunchTests.swift */; };
		4D500EB42C3D7704005797A4 /* CocoaLumberjack in Frameworks */ = {isa = PBXBuildFile; productRef = 4D500EB32C3D7704005797A4 /* CocoaLumberjack */; };
		4D500EB62C3D7704005797A4 /* CocoaLumberjackSwift in Frameworks */ = {isa = PBXBuildFile; productRef = 4D500EB52C3D7704005797A4 /* CocoaLumberjackSwift */; };
		4D500EB82C3D7704005797A4 /* CocoaLumberjackSwiftLogBackend in Frameworks */ = {isa = PBXBuildFile; productRef = 4D500EB72C3D7704005797A4 /* CocoaLumberjackSwiftLogBackend */; };
		4DE4E2FD2C29E43D00624946 /* ParcingJson.swift in Sources */ = {isa = PBXBuildFile; fileRef = 4DE4E2FC2C29E43D00624946 /* ParcingJson.swift */; };
		4DE4E2FF2C29E45C00624946 /* ParcingCSV.swift in Sources */ = {isa = PBXBuildFile; fileRef = 4DE4E2FE2C29E45C00624946 /* ParcingCSV.swift */; };
		4DE4E3012C29E4AA00624946 /* ToDoItem.swift in Sources */ = {isa = PBXBuildFile; fileRef = 4DE4E3002C29E4AA00624946 /* ToDoItem.swift */; };
		4DE4E3072C29E92A00624946 /* FileCache.swift in Sources */ = {isa = PBXBuildFile; fileRef = 4DE4E3062C29E92A00624946 /* FileCache.swift */; };
		4DE4E3092C29E98A00624946 /* ToDoItemTests.swift in Sources */ = {isa = PBXBuildFile; fileRef = 4DE4E3082C29E98A00624946 /* ToDoItemTests.swift */; };
		4DE4E30B2C29E9D200624946 /* FileCacheTests.swift in Sources */ = {isa = PBXBuildFile; fileRef = 4DE4E30A2C29E9D200624946 /* FileCacheTests.swift */; };
		4DE4E30D2C29FFDC00624946 /* MainScreen.swift in Sources */ = {isa = PBXBuildFile; fileRef = 4DE4E30C2C29FFDC00624946 /* MainScreen.swift */; };
		4DE4E3132C2A8D5D00624946 /* CreateEditScreen.swift in Sources */ = {isa = PBXBuildFile; fileRef = 4DE4E3122C2A8D5D00624946 /* CreateEditScreen.swift */; };
		4DE4E3152C2A8F7500624946 /* TaskStorage.swift in Sources */ = {isa = PBXBuildFile; fileRef = 4DE4E3142C2A8F7500624946 /* TaskStorage.swift */; };
		4DE4E3172C2AA16400624946 /* TaskRow.swift in Sources */ = {isa = PBXBuildFile; fileRef = 4DE4E3162C2AA16400624946 /* TaskRow.swift */; };
		4DE4E31C2C2F4F5300624946 /* ColorPicker.swift in Sources */ = {isa = PBXBuildFile; fileRef = 4DE4E31B2C2F4F5300624946 /* ColorPicker.swift */; };
		4DE4E3202C2F703100624946 /* KeyboardAdaptiveModifire.swift in Sources */ = {isa = PBXBuildFile; fileRef = 4DE4E31F2C2F703100624946 /* KeyboardAdaptiveModifire.swift */; };
		4DE4E3222C318C5C00624946 /* TextFieldFrameModifier.swift in Sources */ = {isa = PBXBuildFile; fileRef = 4DE4E3212C318C5C00624946 /* TextFieldFrameModifier.swift */; };
		4DE4E3262C32999600624946 /* CalendarViewController.swift in Sources */ = {isa = PBXBuildFile; fileRef = 4DE4E3252C32999600624946 /* CalendarViewController.swift */; };
		4DE4E3282C32A1F100624946 /* CalendarViewControllerRepresentable.swift in Sources */ = {isa = PBXBuildFile; fileRef = 4DE4E3272C32A1F100624946 /* CalendarViewControllerRepresentable.swift */; };
		4DE4E32A2C32A80200624946 /* DateCollectionViewCell.swift in Sources */ = {isa = PBXBuildFile; fileRef = 4DE4E3292C32A80200624946 /* DateCollectionViewCell.swift */; };
		4DE4E3302C332C7300624946 /* DateCollectionView.swift in Sources */ = {isa = PBXBuildFile; fileRef = 4DE4E32F2C332C7300624946 /* DateCollectionView.swift */; };
		4DE4E3322C332DAC00624946 /* TasksTableView.swift in Sources */ = {isa = PBXBuildFile; fileRef = 4DE4E3312C332DAC00624946 /* TasksTableView.swift */; };
		4DE4E3342C33CCEB00624946 /* CheckDeadline.swift in Sources */ = {isa = PBXBuildFile; fileRef = 4DE4E3332C33CCEB00624946 /* CheckDeadline.swift */; };
		4DE4E33C2C370F3700624946 /* TaskTableCell.swift in Sources */ = {isa = PBXBuildFile; fileRef = 4DE4E33B2C370F3700624946 /* TaskTableCell.swift */; };
		4DE4E33E2C38009400624946 /* CategoryPicker.swift in Sources */ = {isa = PBXBuildFile; fileRef = 4DE4E33D2C38009400624946 /* CategoryPicker.swift */; };
		4DE4E3402C380D2000624946 /* Importance.swift in Sources */ = {isa = PBXBuildFile; fileRef = 4DE4E33F2C380D2000624946 /* Importance.swift */; };
		4DE4E3422C380D8700624946 /* TaskCategory.swift in Sources */ = {isa = PBXBuildFile; fileRef = 4DE4E3412C380D8700624946 /* TaskCategory.swift */; };
		708DE21C381F7CFB853575D4 /* Pods_App_ToDoListTests.framework in Frameworks */ = {isa = PBXBuildFile; fileRef = 370656F428C06CEF82F7E63A /* Pods_App_ToDoListTests.framework */; };
		9D21827887F76088082FF0AF /* Pods_App_ToDoList_App_ToDoListUITests.framework in Frameworks */ = {isa = PBXBuildFile; fileRef = E9762B8678DD1D4CD1E26073 /* Pods_App_ToDoList_App_ToDoListUITests.framework */; };
		E47309C1C8E82BCE6FA15CDE /* Pods_App_ToDoList.framework in Frameworks */ = {isa = PBXBuildFile; fileRef = 8034244D5E62C03CC2C06FBB /* Pods_App_ToDoList.framework */; };
/* End PBXBuildFile section */

/* Begin PBXContainerItemProxy section */
		4D05374C2C2574A5004999EF /* PBXContainerItemProxy */ = {
			isa = PBXContainerItemProxy;
			containerPortal = 4D0537332C2574A3004999EF /* Project object */;
			proxyType = 1;
			remoteGlobalIDString = 4D05373A2C2574A3004999EF;
			remoteInfo = App_ToDoList;
		};
		4D0537562C2574A5004999EF /* PBXContainerItemProxy */ = {
			isa = PBXContainerItemProxy;
			containerPortal = 4D0537332C2574A3004999EF /* Project object */;
			proxyType = 1;
			remoteGlobalIDString = 4D05373A2C2574A3004999EF;
			remoteInfo = App_ToDoList;
		};
/* End PBXContainerItemProxy section */

/* Begin PBXFileReference section */
		1DC236EAD9049E6C12582372 /* Pods-App_ToDoList-App_ToDoListUITests.debug.xcconfig */ = {isa = PBXFileReference; includeInIndex = 1; lastKnownFileType = text.xcconfig; name = "Pods-App_ToDoList-App_ToDoListUITests.debug.xcconfig"; path = "Target Support Files/Pods-App_ToDoList-App_ToDoListUITests/Pods-App_ToDoList-App_ToDoListUITests.debug.xcconfig"; sourceTree = "<group>"; };
		356B9087FB821782F9F34C9D /* Pods-App_ToDoList-App_ToDoListUITests.release.xcconfig */ = {isa = PBXFileReference; includeInIndex = 1; lastKnownFileType = text.xcconfig; name = "Pods-App_ToDoList-App_ToDoListUITests.release.xcconfig"; path = "Target Support Files/Pods-App_ToDoList-App_ToDoListUITests/Pods-App_ToDoList-App_ToDoListUITests.release.xcconfig"; sourceTree = "<group>"; };
		370656F428C06CEF82F7E63A /* Pods_App_ToDoListTests.framework */ = {isa = PBXFileReference; explicitFileType = wrapper.framework; includeInIndex = 0; path = Pods_App_ToDoListTests.framework; sourceTree = BUILT_PRODUCTS_DIR; };
		3D7221B55149ACE2382ACF64 /* Pods-App_ToDoListTests.debug.xcconfig */ = {isa = PBXFileReference; includeInIndex = 1; lastKnownFileType = text.xcconfig; name = "Pods-App_ToDoListTests.debug.xcconfig"; path = "Target Support Files/Pods-App_ToDoListTests/Pods-App_ToDoListTests.debug.xcconfig"; sourceTree = "<group>"; };
		47816A6E26073FF0D0B5A632 /* Pods-App_ToDoList.release.xcconfig */ = {isa = PBXFileReference; includeInIndex = 1; lastKnownFileType = text.xcconfig; name = "Pods-App_ToDoList.release.xcconfig"; path = "Target Support Files/Pods-App_ToDoList/Pods-App_ToDoList.release.xcconfig"; sourceTree = "<group>"; };
		4D05373B2C2574A3004999EF /* App_ToDoList.app */ = {isa = PBXFileReference; explicitFileType = wrapper.application; includeInIndex = 0; path = App_ToDoList.app; sourceTree = BUILT_PRODUCTS_DIR; };
		4D05373E2C2574A3004999EF /* App_ToDoListApp.swift */ = {isa = PBXFileReference; lastKnownFileType = sourcecode.swift; path = App_ToDoListApp.swift; sourceTree = "<group>"; };
		4D0537422C2574A5004999EF /* Assets.xcassets */ = {isa = PBXFileReference; lastKnownFileType = folder.assetcatalog; path = Assets.xcassets; sourceTree = "<group>"; };
		4D0537452C2574A5004999EF /* Preview Assets.xcassets */ = {isa = PBXFileReference; lastKnownFileType = folder.assetcatalog; path = "Preview Assets.xcassets"; sourceTree = "<group>"; };
		4D05374B2C2574A5004999EF /* App_ToDoListTests.xctest */ = {isa = PBXFileReference; explicitFileType = wrapper.cfbundle; includeInIndex = 0; path = App_ToDoListTests.xctest; sourceTree = BUILT_PRODUCTS_DIR; };
		4D05374F2C2574A5004999EF /* App_ToDoListTests.swift */ = {isa = PBXFileReference; lastKnownFileType = sourcecode.swift; path = App_ToDoListTests.swift; sourceTree = "<group>"; };
		4D0537552C2574A5004999EF /* App_ToDoListUITests.xctest */ = {isa = PBXFileReference; explicitFileType = wrapper.cfbundle; includeInIndex = 0; path = App_ToDoListUITests.xctest; sourceTree = BUILT_PRODUCTS_DIR; };
		4D0537592C2574A5004999EF /* App_ToDoListUITests.swift */ = {isa = PBXFileReference; lastKnownFileType = sourcecode.swift; path = App_ToDoListUITests.swift; sourceTree = "<group>"; };
		4D05375B2C2574A5004999EF /* App_ToDoListUITestsLaunchTests.swift */ = {isa = PBXFileReference; lastKnownFileType = sourcecode.swift; path = App_ToDoListUITestsLaunchTests.swift; sourceTree = "<group>"; };
		4DE4E2FC2C29E43D00624946 /* ParcingJson.swift */ = {isa = PBXFileReference; lastKnownFileType = sourcecode.swift; path = ParcingJson.swift; sourceTree = "<group>"; };
		4DE4E2FE2C29E45C00624946 /* ParcingCSV.swift */ = {isa = PBXFileReference; lastKnownFileType = sourcecode.swift; path = ParcingCSV.swift; sourceTree = "<group>"; };
		4DE4E3002C29E4AA00624946 /* ToDoItem.swift */ = {isa = PBXFileReference; lastKnownFileType = sourcecode.swift; path = ToDoItem.swift; sourceTree = "<group>"; };
		4DE4E3062C29E92A00624946 /* FileCache.swift */ = {isa = PBXFileReference; lastKnownFileType = sourcecode.swift; path = FileCache.swift; sourceTree = "<group>"; };
		4DE4E3082C29E98A00624946 /* ToDoItemTests.swift */ = {isa = PBXFileReference; lastKnownFileType = sourcecode.swift; path = ToDoItemTests.swift; sourceTree = "<group>"; };
		4DE4E30A2C29E9D200624946 /* FileCacheTests.swift */ = {isa = PBXFileReference; lastKnownFileType = sourcecode.swift; path = FileCacheTests.swift; sourceTree = "<group>"; };
		4DE4E30C2C29FFDC00624946 /* MainScreen.swift */ = {isa = PBXFileReference; lastKnownFileType = sourcecode.swift; path = MainScreen.swift; sourceTree = "<group>"; };
		4DE4E3122C2A8D5D00624946 /* CreateEditScreen.swift */ = {isa = PBXFileReference; lastKnownFileType = sourcecode.swift; path = CreateEditScreen.swift; sourceTree = "<group>"; };
		4DE4E3142C2A8F7500624946 /* TaskStorage.swift */ = {isa = PBXFileReference; lastKnownFileType = sourcecode.swift; path = TaskStorage.swift; sourceTree = "<group>"; };
		4DE4E3162C2AA16400624946 /* TaskRow.swift */ = {isa = PBXFileReference; lastKnownFileType = sourcecode.swift; path = TaskRow.swift; sourceTree = "<group>"; };
		4DE4E31B2C2F4F5300624946 /* ColorPicker.swift */ = {isa = PBXFileReference; lastKnownFileType = sourcecode.swift; path = ColorPicker.swift; sourceTree = "<group>"; };
		4DE4E31F2C2F703100624946 /* KeyboardAdaptiveModifire.swift */ = {isa = PBXFileReference; lastKnownFileType = sourcecode.swift; name = KeyboardAdaptiveModifire.swift; path = App_ToDoList/Services/KeyboardAdaptiveModifire.swift; sourceTree = SOURCE_ROOT; };
		4DE4E3212C318C5C00624946 /* TextFieldFrameModifier.swift */ = {isa = PBXFileReference; lastKnownFileType = sourcecode.swift; path = TextFieldFrameModifier.swift; sourceTree = "<group>"; };
		4DE4E3252C32999600624946 /* CalendarViewController.swift */ = {isa = PBXFileReference; lastKnownFileType = sourcecode.swift; path = CalendarViewController.swift; sourceTree = "<group>"; };
		4DE4E3272C32A1F100624946 /* CalendarViewControllerRepresentable.swift */ = {isa = PBXFileReference; lastKnownFileType = sourcecode.swift; path = CalendarViewControllerRepresentable.swift; sourceTree = "<group>"; };
		4DE4E3292C32A80200624946 /* DateCollectionViewCell.swift */ = {isa = PBXFileReference; lastKnownFileType = sourcecode.swift; path = DateCollectionViewCell.swift; sourceTree = "<group>"; };
		4DE4E32F2C332C7300624946 /* DateCollectionView.swift */ = {isa = PBXFileReference; lastKnownFileType = sourcecode.swift; path = DateCollectionView.swift; sourceTree = "<group>"; };
		4DE4E3312C332DAC00624946 /* TasksTableView.swift */ = {isa = PBXFileReference; lastKnownFileType = sourcecode.swift; path = TasksTableView.swift; sourceTree = "<group>"; };
		4DE4E3332C33CCEB00624946 /* CheckDeadline.swift */ = {isa = PBXFileReference; lastKnownFileType = sourcecode.swift; path = CheckDeadline.swift; sourceTree = "<group>"; };
		4DE4E33B2C370F3700624946 /* TaskTableCell.swift */ = {isa = PBXFileReference; lastKnownFileType = sourcecode.swift; path = TaskTableCell.swift; sourceTree = "<group>"; };
		4DE4E33D2C38009400624946 /* CategoryPicker.swift */ = {isa = PBXFileReference; lastKnownFileType = sourcecode.swift; path = CategoryPicker.swift; sourceTree = "<group>"; };
		4DE4E33F2C380D2000624946 /* Importance.swift */ = {isa = PBXFileReference; lastKnownFileType = sourcecode.swift; path = Importance.swift; sourceTree = "<group>"; };
		4DE4E3412C380D8700624946 /* TaskCategory.swift */ = {isa = PBXFileReference; lastKnownFileType = sourcecode.swift; path = TaskCategory.swift; sourceTree = "<group>"; };
		8034244D5E62C03CC2C06FBB /* Pods_App_ToDoList.framework */ = {isa = PBXFileReference; explicitFileType = wrapper.framework; includeInIndex = 0; path = Pods_App_ToDoList.framework; sourceTree = BUILT_PRODUCTS_DIR; };
		807C216F57319C7E81B69FD8 /* Pods-App_ToDoListTests.release.xcconfig */ = {isa = PBXFileReference; includeInIndex = 1; lastKnownFileType = text.xcconfig; name = "Pods-App_ToDoListTests.release.xcconfig"; path = "Target Support Files/Pods-App_ToDoListTests/Pods-App_ToDoListTests.release.xcconfig"; sourceTree = "<group>"; };
		B999291451CF65225D8C4315 /* Pods-App_ToDoList.debug.xcconfig */ = {isa = PBXFileReference; includeInIndex = 1; lastKnownFileType = text.xcconfig; name = "Pods-App_ToDoList.debug.xcconfig"; path = "Target Support Files/Pods-App_ToDoList/Pods-App_ToDoList.debug.xcconfig"; sourceTree = "<group>"; };
		E9762B8678DD1D4CD1E26073 /* Pods_App_ToDoList_App_ToDoListUITests.framework */ = {isa = PBXFileReference; explicitFileType = wrapper.framework; includeInIndex = 0; path = Pods_App_ToDoList_App_ToDoListUITests.framework; sourceTree = BUILT_PRODUCTS_DIR; };
/* End PBXFileReference section */

/* Begin PBXFrameworksBuildPhase section */
		4D0537382C2574A3004999EF /* Frameworks */ = {
			isa = PBXFrameworksBuildPhase;
			buildActionMask = 2147483647;
			files = (
				4D500EB62C3D7704005797A4 /* CocoaLumberjackSwift in Frameworks */,
				4D500EB82C3D7704005797A4 /* CocoaLumberjackSwiftLogBackend in Frameworks */,
				4D500EB42C3D7704005797A4 /* CocoaLumberjack in Frameworks */,
				E47309C1C8E82BCE6FA15CDE /* Pods_App_ToDoList.framework in Frameworks */,
			);
			runOnlyForDeploymentPostprocessing = 0;
		};
		4D0537482C2574A5004999EF /* Frameworks */ = {
			isa = PBXFrameworksBuildPhase;
			buildActionMask = 2147483647;
			files = (
				708DE21C381F7CFB853575D4 /* Pods_App_ToDoListTests.framework in Frameworks */,
			);
			runOnlyForDeploymentPostprocessing = 0;
		};
		4D0537522C2574A5004999EF /* Frameworks */ = {
			isa = PBXFrameworksBuildPhase;
			buildActionMask = 2147483647;
			files = (
				9D21827887F76088082FF0AF /* Pods_App_ToDoList_App_ToDoListUITests.framework in Frameworks */,
			);
			runOnlyForDeploymentPostprocessing = 0;
		};
/* End PBXFrameworksBuildPhase section */

/* Begin PBXGroup section */
		3C84D79F9F5F8F0121009984 /* Pods */ = {
			isa = PBXGroup;
			children = (
				B999291451CF65225D8C4315 /* Pods-App_ToDoList.debug.xcconfig */,
				47816A6E26073FF0D0B5A632 /* Pods-App_ToDoList.release.xcconfig */,
				1DC236EAD9049E6C12582372 /* Pods-App_ToDoList-App_ToDoListUITests.debug.xcconfig */,
				356B9087FB821782F9F34C9D /* Pods-App_ToDoList-App_ToDoListUITests.release.xcconfig */,
				3D7221B55149ACE2382ACF64 /* Pods-App_ToDoListTests.debug.xcconfig */,
				807C216F57319C7E81B69FD8 /* Pods-App_ToDoListTests.release.xcconfig */,
			);
			name = Pods;
			path = Pods;
			sourceTree = "<group>";
		};
		4D0537322C2574A3004999EF = {
			isa = PBXGroup;
			children = (
				4D05373D2C2574A3004999EF /* App_ToDoList */,
				4D05374E2C2574A5004999EF /* App_ToDoListTests */,
				4D0537582C2574A5004999EF /* App_ToDoListUITests */,
				4D05373C2C2574A3004999EF /* Products */,
				3C84D79F9F5F8F0121009984 /* Pods */,
				9E516D0EFCCDB0D8D1E7754F /* Frameworks */,
			);
			sourceTree = "<group>";
		};
		4D05373C2C2574A3004999EF /* Products */ = {
			isa = PBXGroup;
			children = (
				4D05373B2C2574A3004999EF /* App_ToDoList.app */,
				4D05374B2C2574A5004999EF /* App_ToDoListTests.xctest */,
				4D0537552C2574A5004999EF /* App_ToDoListUITests.xctest */,
			);
			name = Products;
			sourceTree = "<group>";
		};
		4D05373D2C2574A3004999EF /* App_ToDoList */ = {
			isa = PBXGroup;
			children = (
				4DE4E3442C386DEB00624946 /* Views */,
				4DE4E3052C29E8A400624946 /* Services */,
				4DE4E3042C29E88700624946 /* Models */,
				4D05373E2C2574A3004999EF /* App_ToDoListApp.swift */,
				4D0537422C2574A5004999EF /* Assets.xcassets */,
				4D0537442C2574A5004999EF /* Preview Content */,
			);
			path = App_ToDoList;
			sourceTree = "<group>";
		};
		4D0537442C2574A5004999EF /* Preview Content */ = {
			isa = PBXGroup;
			children = (
				4D0537452C2574A5004999EF /* Preview Assets.xcassets */,
			);
			path = "Preview Content";
			sourceTree = "<group>";
		};
		4D05374E2C2574A5004999EF /* App_ToDoListTests */ = {
			isa = PBXGroup;
			children = (
				4D05374F2C2574A5004999EF /* App_ToDoListTests.swift */,
				4DE4E3082C29E98A00624946 /* ToDoItemTests.swift */,
				4DE4E30A2C29E9D200624946 /* FileCacheTests.swift */,
			);
			path = App_ToDoListTests;
			sourceTree = "<group>";
		};
		4D0537582C2574A5004999EF /* App_ToDoListUITests */ = {
			isa = PBXGroup;
			children = (
				4D0537592C2574A5004999EF /* App_ToDoListUITests.swift */,
				4D05375B2C2574A5004999EF /* App_ToDoListUITestsLaunchTests.swift */,
			);
			path = App_ToDoListUITests;
			sourceTree = "<group>";
		};
		4D78FA052C38738A002C43EC /* CreateEditScreen */ = {
			isa = PBXGroup;
			children = (
				4DE4E3122C2A8D5D00624946 /* CreateEditScreen.swift */,
			);
			path = CreateEditScreen;
			sourceTree = "<group>";
		};
		4D78FA062C3873BC002C43EC /* CalendarScreen */ = {
			isa = PBXGroup;
			children = (
				4DE4E3252C32999600624946 /* CalendarViewController.swift */,
				4DE4E32F2C332C7300624946 /* DateCollectionView.swift */,
				4DE4E3312C332DAC00624946 /* TasksTableView.swift */,
				4DE4E3292C32A80200624946 /* DateCollectionViewCell.swift */,
				4DE4E33B2C370F3700624946 /* TaskTableCell.swift */,
			);
			path = CalendarScreen;
			sourceTree = "<group>";
		};
		4DE4E3042C29E88700624946 /* Models */ = {
			isa = PBXGroup;
			children = (
				4DE4E3232C3296F200624946 /* ToDoItemsModel */,
				4DE4E3142C2A8F7500624946 /* TaskStorage.swift */,
				4DE4E31B2C2F4F5300624946 /* ColorPicker.swift */,
				4DE4E33D2C38009400624946 /* CategoryPicker.swift */,
			);
			path = Models;
			sourceTree = "<group>";
		};
		4DE4E3052C29E8A400624946 /* Services */ = {
			isa = PBXGroup;
			children = (
				4DE4E3272C32A1F100624946 /* CalendarViewControllerRepresentable.swift */,
				4DE4E31F2C2F703100624946 /* KeyboardAdaptiveModifire.swift */,
				4DE4E3332C33CCEB00624946 /* CheckDeadline.swift */,
				4DE4E3062C29E92A00624946 /* FileCache.swift */,
				4DE4E3212C318C5C00624946 /* TextFieldFrameModifier.swift */,
			);
			path = Services;
			sourceTree = "<group>";
		};
		4DE4E3232C3296F200624946 /* ToDoItemsModel */ = {
			isa = PBXGroup;
			children = (
				4DE4E3002C29E4AA00624946 /* ToDoItem.swift */,
				4DE4E2FC2C29E43D00624946 /* ParcingJson.swift */,
				4DE4E2FE2C29E45C00624946 /* ParcingCSV.swift */,
				4DE4E33F2C380D2000624946 /* Importance.swift */,
				4DE4E3412C380D8700624946 /* TaskCategory.swift */,
			);
			path = ToDoItemsModel;
			sourceTree = "<group>";
		};
		4DE4E3242C32997700624946 /* Screens */ = {
			isa = PBXGroup;
			children = (
				4DE4E3452C386E3200624946 /* MainScreen */,
				4D78FA052C38738A002C43EC /* CreateEditScreen */,
				4D78FA062C3873BC002C43EC /* CalendarScreen */,
			);
			path = Screens;
			sourceTree = "<group>";
		};
		4DE4E3442C386DEB00624946 /* Views */ = {
			isa = PBXGroup;
			children = (
				4DE4E3242C32997700624946 /* Screens */,
			);
			path = Views;
			sourceTree = "<group>";
		};
		4DE4E3452C386E3200624946 /* MainScreen */ = {
			isa = PBXGroup;
			children = (
				4DE4E30C2C29FFDC00624946 /* MainScreen.swift */,
				4DE4E3162C2AA16400624946 /* TaskRow.swift */,
			);
			path = MainScreen;
			sourceTree = "<group>";
		};
		9E516D0EFCCDB0D8D1E7754F /* Frameworks */ = {
			isa = PBXGroup;
			children = (
				8034244D5E62C03CC2C06FBB /* Pods_App_ToDoList.framework */,
				E9762B8678DD1D4CD1E26073 /* Pods_App_ToDoList_App_ToDoListUITests.framework */,
				370656F428C06CEF82F7E63A /* Pods_App_ToDoListTests.framework */,
			);
			name = Frameworks;
			sourceTree = "<group>";
		};
/* End PBXGroup section */

/* Begin PBXNativeTarget section */
		4D05373A2C2574A3004999EF /* App_ToDoList */ = {
			isa = PBXNativeTarget;
			buildConfigurationList = 4D05375F2C2574A5004999EF /* Build configuration list for PBXNativeTarget "App_ToDoList" */;
			buildPhases = (
				B6AFB0F334359CA9409B567E /* [CP] Check Pods Manifest.lock */,
				4D0537372C2574A3004999EF /* Sources */,
				4D0537382C2574A3004999EF /* Frameworks */,
				4D0537392C2574A3004999EF /* Resources */,
			);
			buildRules = (
			);
			dependencies = (
			);
			name = App_ToDoList;
			packageProductDependencies = (
				4D500EB32C3D7704005797A4 /* CocoaLumberjack */,
				4D500EB52C3D7704005797A4 /* CocoaLumberjackSwift */,
				4D500EB72C3D7704005797A4 /* CocoaLumberjackSwiftLogBackend */,
			);
			productName = App_ToDoList;
			productReference = 4D05373B2C2574A3004999EF /* App_ToDoList.app */;
			productType = "com.apple.product-type.application";
		};
		4D05374A2C2574A5004999EF /* App_ToDoListTests */ = {
			isa = PBXNativeTarget;
			buildConfigurationList = 4D0537622C2574A5004999EF /* Build configuration list for PBXNativeTarget "App_ToDoListTests" */;
			buildPhases = (
				DBA70DAED9E46D57B823DFF5 /* [CP] Check Pods Manifest.lock */,
				4D0537472C2574A5004999EF /* Sources */,
				4D0537482C2574A5004999EF /* Frameworks */,
				4D0537492C2574A5004999EF /* Resources */,
			);
			buildRules = (
			);
			dependencies = (
				4D05374D2C2574A5004999EF /* PBXTargetDependency */,
			);
			name = App_ToDoListTests;
			productName = App_ToDoListTests;
			productReference = 4D05374B2C2574A5004999EF /* App_ToDoListTests.xctest */;
			productType = "com.apple.product-type.bundle.unit-test";
		};
		4D0537542C2574A5004999EF /* App_ToDoListUITests */ = {
			isa = PBXNativeTarget;
			buildConfigurationList = 4D0537652C2574A5004999EF /* Build configuration list for PBXNativeTarget "App_ToDoListUITests" */;
			buildPhases = (
				72D6B52C394D52E3412A391C /* [CP] Check Pods Manifest.lock */,
				4D0537512C2574A5004999EF /* Sources */,
				4D0537522C2574A5004999EF /* Frameworks */,
				4D0537532C2574A5004999EF /* Resources */,
			);
			buildRules = (
			);
			dependencies = (
				4D0537572C2574A5004999EF /* PBXTargetDependency */,
			);
			name = App_ToDoListUITests;
			productName = App_ToDoListUITests;
			productReference = 4D0537552C2574A5004999EF /* App_ToDoListUITests.xctest */;
			productType = "com.apple.product-type.bundle.ui-testing";
		};
/* End PBXNativeTarget section */

/* Begin PBXProject section */
		4D0537332C2574A3004999EF /* Project object */ = {
			isa = PBXProject;
			attributes = {
				BuildIndependentTargetsInParallel = 1;
				LastSwiftUpdateCheck = 1540;
				LastUpgradeCheck = 1540;
				TargetAttributes = {
					4D05373A2C2574A3004999EF = {
						CreatedOnToolsVersion = 15.4;
					};
					4D05374A2C2574A5004999EF = {
						CreatedOnToolsVersion = 15.4;
						TestTargetID = 4D05373A2C2574A3004999EF;
					};
					4D0537542C2574A5004999EF = {
						CreatedOnToolsVersion = 15.4;
						TestTargetID = 4D05373A2C2574A3004999EF;
					};
				};
			};
			buildConfigurationList = 4D0537362C2574A3004999EF /* Build configuration list for PBXProject "App_ToDoList" */;
			compatibilityVersion = "Xcode 14.0";
			developmentRegion = en;
			hasScannedForEncodings = 0;
			knownRegions = (
				en,
				Base,
			);
			mainGroup = 4D0537322C2574A3004999EF;
			packageReferences = (
				4D500EB22C3D7704005797A4 /* XCRemoteSwiftPackageReference "CocoaLumberjack" */,
			);
			productRefGroup = 4D05373C2C2574A3004999EF /* Products */;
			projectDirPath = "";
			projectRoot = "";
			targets = (
				4D05373A2C2574A3004999EF /* App_ToDoList */,
				4D05374A2C2574A5004999EF /* App_ToDoListTests */,
				4D0537542C2574A5004999EF /* App_ToDoListUITests */,
			);
		};
/* End PBXProject section */

/* Begin PBXResourcesBuildPhase section */
		4D0537392C2574A3004999EF /* Resources */ = {
			isa = PBXResourcesBuildPhase;
			buildActionMask = 2147483647;
			files = (
				4D0537462C2574A5004999EF /* Preview Assets.xcassets in Resources */,
				4D0537432C2574A5004999EF /* Assets.xcassets in Resources */,
			);
			runOnlyForDeploymentPostprocessing = 0;
		};
		4D0537492C2574A5004999EF /* Resources */ = {
			isa = PBXResourcesBuildPhase;
			buildActionMask = 2147483647;
			files = (
			);
			runOnlyForDeploymentPostprocessing = 0;
		};
		4D0537532C2574A5004999EF /* Resources */ = {
			isa = PBXResourcesBuildPhase;
			buildActionMask = 2147483647;
			files = (
			);
			runOnlyForDeploymentPostprocessing = 0;
		};
/* End PBXResourcesBuildPhase section */

/* Begin PBXShellScriptBuildPhase section */
		72D6B52C394D52E3412A391C /* [CP] Check Pods Manifest.lock */ = {
			isa = PBXShellScriptBuildPhase;
			buildActionMask = 2147483647;
			files = (
			);
			inputFileListPaths = (
			);
			inputPaths = (
				"${PODS_PODFILE_DIR_PATH}/Podfile.lock",
				"${PODS_ROOT}/Manifest.lock",
			);
			name = "[CP] Check Pods Manifest.lock";
			outputFileListPaths = (
			);
			outputPaths = (
				"$(DERIVED_FILE_DIR)/Pods-App_ToDoList-App_ToDoListUITests-checkManifestLockResult.txt",
			);
			runOnlyForDeploymentPostprocessing = 0;
			shellPath = /bin/sh;
			shellScript = "diff \"${PODS_PODFILE_DIR_PATH}/Podfile.lock\" \"${PODS_ROOT}/Manifest.lock\" > /dev/null\nif [ $? != 0 ] ; then\n    # print error to STDERR\n    echo \"error: The sandbox is not in sync with the Podfile.lock. Run 'pod install' or update your CocoaPods installation.\" >&2\n    exit 1\nfi\n# This output is used by Xcode 'outputs' to avoid re-running this script phase.\necho \"SUCCESS\" > \"${SCRIPT_OUTPUT_FILE_0}\"\n";
			showEnvVarsInLog = 0;
		};
		B6AFB0F334359CA9409B567E /* [CP] Check Pods Manifest.lock */ = {
			isa = PBXShellScriptBuildPhase;
			buildActionMask = 2147483647;
			files = (
			);
			inputFileListPaths = (
			);
			inputPaths = (
				"${PODS_PODFILE_DIR_PATH}/Podfile.lock",
				"${PODS_ROOT}/Manifest.lock",
			);
			name = "[CP] Check Pods Manifest.lock";
			outputFileListPaths = (
			);
			outputPaths = (
				"$(DERIVED_FILE_DIR)/Pods-App_ToDoList-checkManifestLockResult.txt",
			);
			runOnlyForDeploymentPostprocessing = 0;
			shellPath = /bin/sh;
			shellScript = "diff \"${PODS_PODFILE_DIR_PATH}/Podfile.lock\" \"${PODS_ROOT}/Manifest.lock\" > /dev/null\nif [ $? != 0 ] ; then\n    # print error to STDERR\n    echo \"error: The sandbox is not in sync with the Podfile.lock. Run 'pod install' or update your CocoaPods installation.\" >&2\n    exit 1\nfi\n# This output is used by Xcode 'outputs' to avoid re-running this script phase.\necho \"SUCCESS\" > \"${SCRIPT_OUTPUT_FILE_0}\"\n";
			showEnvVarsInLog = 0;
		};
		DBA70DAED9E46D57B823DFF5 /* [CP] Check Pods Manifest.lock */ = {
			isa = PBXShellScriptBuildPhase;
			buildActionMask = 2147483647;
			files = (
			);
			inputFileListPaths = (
			);
			inputPaths = (
				"${PODS_PODFILE_DIR_PATH}/Podfile.lock",
				"${PODS_ROOT}/Manifest.lock",
			);
			name = "[CP] Check Pods Manifest.lock";
			outputFileListPaths = (
			);
			outputPaths = (
				"$(DERIVED_FILE_DIR)/Pods-App_ToDoListTests-checkManifestLockResult.txt",
			);
			runOnlyForDeploymentPostprocessing = 0;
			shellPath = /bin/sh;
			shellScript = "diff \"${PODS_PODFILE_DIR_PATH}/Podfile.lock\" \"${PODS_ROOT}/Manifest.lock\" > /dev/null\nif [ $? != 0 ] ; then\n    # print error to STDERR\n    echo \"error: The sandbox is not in sync with the Podfile.lock. Run 'pod install' or update your CocoaPods installation.\" >&2\n    exit 1\nfi\n# This output is used by Xcode 'outputs' to avoid re-running this script phase.\necho \"SUCCESS\" > \"${SCRIPT_OUTPUT_FILE_0}\"\n";
			showEnvVarsInLog = 0;
		};
/* End PBXShellScriptBuildPhase section */

/* Begin PBXSourcesBuildPhase section */
		4D0537372C2574A3004999EF /* Sources */ = {
			isa = PBXSourcesBuildPhase;
			buildActionMask = 2147483647;
			files = (
				4DE4E2FF2C29E45C00624946 /* ParcingCSV.swift in Sources */,
				4DE4E30D2C29FFDC00624946 /* MainScreen.swift in Sources */,
				4DE4E3302C332C7300624946 /* DateCollectionView.swift in Sources */,
				4DE4E3172C2AA16400624946 /* TaskRow.swift in Sources */,
				4DE4E3132C2A8D5D00624946 /* CreateEditScreen.swift in Sources */,
				4DE4E3422C380D8700624946 /* TaskCategory.swift in Sources */,
				4DE4E3342C33CCEB00624946 /* CheckDeadline.swift in Sources */,
				4DE4E33C2C370F3700624946 /* TaskTableCell.swift in Sources */,
				4DE4E3322C332DAC00624946 /* TasksTableView.swift in Sources */,
				4DE4E32A2C32A80200624946 /* DateCollectionViewCell.swift in Sources */,
				4DE4E3012C29E4AA00624946 /* ToDoItem.swift in Sources */,
				4DE4E3402C380D2000624946 /* Importance.swift in Sources */,
				4DE4E3282C32A1F100624946 /* CalendarViewControllerRepresentable.swift in Sources */,
				4DE4E31C2C2F4F5300624946 /* ColorPicker.swift in Sources */,
				4DE4E3222C318C5C00624946 /* TextFieldFrameModifier.swift in Sources */,
				4DE4E2FD2C29E43D00624946 /* ParcingJson.swift in Sources */,
				4DE4E3262C32999600624946 /* CalendarViewController.swift in Sources */,
				4DE4E3152C2A8F7500624946 /* TaskStorage.swift in Sources */,
				4DE4E3072C29E92A00624946 /* FileCache.swift in Sources */,
				4DE4E33E2C38009400624946 /* CategoryPicker.swift in Sources */,
				4D05373F2C2574A3004999EF /* App_ToDoListApp.swift in Sources */,
				4DE4E3202C2F703100624946 /* KeyboardAdaptiveModifire.swift in Sources */,
			);
			runOnlyForDeploymentPostprocessing = 0;
		};
		4D0537472C2574A5004999EF /* Sources */ = {
			isa = PBXSourcesBuildPhase;
			buildActionMask = 2147483647;
			files = (
				4DE4E3092C29E98A00624946 /* ToDoItemTests.swift in Sources */,
				4DE4E30B2C29E9D200624946 /* FileCacheTests.swift in Sources */,
				4D0537502C2574A5004999EF /* App_ToDoListTests.swift in Sources */,
			);
			runOnlyForDeploymentPostprocessing = 0;
		};
		4D0537512C2574A5004999EF /* Sources */ = {
			isa = PBXSourcesBuildPhase;
			buildActionMask = 2147483647;
			files = (
				4D05375C2C2574A5004999EF /* App_ToDoListUITestsLaunchTests.swift in Sources */,
				4D05375A2C2574A5004999EF /* App_ToDoListUITests.swift in Sources */,
			);
			runOnlyForDeploymentPostprocessing = 0;
		};
/* End PBXSourcesBuildPhase section */

/* Begin PBXTargetDependency section */
		4D05374D2C2574A5004999EF /* PBXTargetDependency */ = {
			isa = PBXTargetDependency;
			target = 4D05373A2C2574A3004999EF /* App_ToDoList */;
			targetProxy = 4D05374C2C2574A5004999EF /* PBXContainerItemProxy */;
		};
		4D0537572C2574A5004999EF /* PBXTargetDependency */ = {
			isa = PBXTargetDependency;
			target = 4D05373A2C2574A3004999EF /* App_ToDoList */;
			targetProxy = 4D0537562C2574A5004999EF /* PBXContainerItemProxy */;
		};
/* End PBXTargetDependency section */

/* Begin XCBuildConfiguration section */
		4D05375D2C2574A5004999EF /* Debug */ = {
			isa = XCBuildConfiguration;
			buildSettings = {
				ALWAYS_SEARCH_USER_PATHS = NO;
				ASSETCATALOG_COMPILER_GENERATE_SWIFT_ASSET_SYMBOL_EXTENSIONS = YES;
				CLANG_ANALYZER_NONNULL = YES;
				CLANG_ANALYZER_NUMBER_OBJECT_CONVERSION = YES_AGGRESSIVE;
				CLANG_CXX_LANGUAGE_STANDARD = "gnu++20";
				CLANG_ENABLE_MODULES = YES;
				CLANG_ENABLE_OBJC_ARC = YES;
				CLANG_ENABLE_OBJC_WEAK = YES;
				CLANG_WARN_BLOCK_CAPTURE_AUTORELEASING = YES;
				CLANG_WARN_BOOL_CONVERSION = YES;
				CLANG_WARN_COMMA = YES;
				CLANG_WARN_CONSTANT_CONVERSION = YES;
				CLANG_WARN_DEPRECATED_OBJC_IMPLEMENTATIONS = YES;
				CLANG_WARN_DIRECT_OBJC_ISA_USAGE = YES_ERROR;
				CLANG_WARN_DOCUMENTATION_COMMENTS = YES;
				CLANG_WARN_EMPTY_BODY = YES;
				CLANG_WARN_ENUM_CONVERSION = YES;
				CLANG_WARN_INFINITE_RECURSION = YES;
				CLANG_WARN_INT_CONVERSION = YES;
				CLANG_WARN_NON_LITERAL_NULL_CONVERSION = YES;
				CLANG_WARN_OBJC_IMPLICIT_RETAIN_SELF = YES;
				CLANG_WARN_OBJC_LITERAL_CONVERSION = YES;
				CLANG_WARN_OBJC_ROOT_CLASS = YES_ERROR;
				CLANG_WARN_QUOTED_INCLUDE_IN_FRAMEWORK_HEADER = YES;
				CLANG_WARN_RANGE_LOOP_ANALYSIS = YES;
				CLANG_WARN_STRICT_PROTOTYPES = YES;
				CLANG_WARN_SUSPICIOUS_MOVE = YES;
				CLANG_WARN_UNGUARDED_AVAILABILITY = YES_AGGRESSIVE;
				CLANG_WARN_UNREACHABLE_CODE = YES;
				CLANG_WARN__DUPLICATE_METHOD_MATCH = YES;
				COPY_PHASE_STRIP = NO;
				DEBUG_INFORMATION_FORMAT = dwarf;
				ENABLE_STRICT_OBJC_MSGSEND = YES;
				ENABLE_TESTABILITY = YES;
				ENABLE_USER_SCRIPT_SANDBOXING = YES;
				GCC_C_LANGUAGE_STANDARD = gnu17;
				GCC_DYNAMIC_NO_PIC = NO;
				GCC_NO_COMMON_BLOCKS = YES;
				GCC_OPTIMIZATION_LEVEL = 0;
				GCC_PREPROCESSOR_DEFINITIONS = (
					"DEBUG=1",
					"$(inherited)",
				);
				GCC_WARN_64_TO_32_BIT_CONVERSION = YES;
				GCC_WARN_ABOUT_RETURN_TYPE = YES_ERROR;
				GCC_WARN_UNDECLARED_SELECTOR = YES;
				GCC_WARN_UNINITIALIZED_AUTOS = YES_AGGRESSIVE;
				GCC_WARN_UNUSED_FUNCTION = YES;
				GCC_WARN_UNUSED_VARIABLE = YES;
				IPHONEOS_DEPLOYMENT_TARGET = 17.5;
				LOCALIZATION_PREFERS_STRING_CATALOGS = YES;
				MTL_ENABLE_DEBUG_INFO = INCLUDE_SOURCE;
				MTL_FAST_MATH = YES;
				ONLY_ACTIVE_ARCH = YES;
				SDKROOT = iphoneos;
				SWIFT_ACTIVE_COMPILATION_CONDITIONS = "DEBUG $(inherited)";
				SWIFT_OPTIMIZATION_LEVEL = "-Onone";
			};
			name = Debug;
		};
		4D05375E2C2574A5004999EF /* Release */ = {
			isa = XCBuildConfiguration;
			buildSettings = {
				ALWAYS_SEARCH_USER_PATHS = NO;
				ASSETCATALOG_COMPILER_GENERATE_SWIFT_ASSET_SYMBOL_EXTENSIONS = YES;
				CLANG_ANALYZER_NONNULL = YES;
				CLANG_ANALYZER_NUMBER_OBJECT_CONVERSION = YES_AGGRESSIVE;
				CLANG_CXX_LANGUAGE_STANDARD = "gnu++20";
				CLANG_ENABLE_MODULES = YES;
				CLANG_ENABLE_OBJC_ARC = YES;
				CLANG_ENABLE_OBJC_WEAK = YES;
				CLANG_WARN_BLOCK_CAPTURE_AUTORELEASING = YES;
				CLANG_WARN_BOOL_CONVERSION = YES;
				CLANG_WARN_COMMA = YES;
				CLANG_WARN_CONSTANT_CONVERSION = YES;
				CLANG_WARN_DEPRECATED_OBJC_IMPLEMENTATIONS = YES;
				CLANG_WARN_DIRECT_OBJC_ISA_USAGE = YES_ERROR;
				CLANG_WARN_DOCUMENTATION_COMMENTS = YES;
				CLANG_WARN_EMPTY_BODY = YES;
				CLANG_WARN_ENUM_CONVERSION = YES;
				CLANG_WARN_INFINITE_RECURSION = YES;
				CLANG_WARN_INT_CONVERSION = YES;
				CLANG_WARN_NON_LITERAL_NULL_CONVERSION = YES;
				CLANG_WARN_OBJC_IMPLICIT_RETAIN_SELF = YES;
				CLANG_WARN_OBJC_LITERAL_CONVERSION = YES;
				CLANG_WARN_OBJC_ROOT_CLASS = YES_ERROR;
				CLANG_WARN_QUOTED_INCLUDE_IN_FRAMEWORK_HEADER = YES;
				CLANG_WARN_RANGE_LOOP_ANALYSIS = YES;
				CLANG_WARN_STRICT_PROTOTYPES = YES;
				CLANG_WARN_SUSPICIOUS_MOVE = YES;
				CLANG_WARN_UNGUARDED_AVAILABILITY = YES_AGGRESSIVE;
				CLANG_WARN_UNREACHABLE_CODE = YES;
				CLANG_WARN__DUPLICATE_METHOD_MATCH = YES;
				COPY_PHASE_STRIP = NO;
				DEBUG_INFORMATION_FORMAT = "dwarf-with-dsym";
				ENABLE_NS_ASSERTIONS = NO;
				ENABLE_STRICT_OBJC_MSGSEND = YES;
				ENABLE_USER_SCRIPT_SANDBOXING = YES;
				GCC_C_LANGUAGE_STANDARD = gnu17;
				GCC_NO_COMMON_BLOCKS = YES;
				GCC_WARN_64_TO_32_BIT_CONVERSION = YES;
				GCC_WARN_ABOUT_RETURN_TYPE = YES_ERROR;
				GCC_WARN_UNDECLARED_SELECTOR = YES;
				GCC_WARN_UNINITIALIZED_AUTOS = YES_AGGRESSIVE;
				GCC_WARN_UNUSED_FUNCTION = YES;
				GCC_WARN_UNUSED_VARIABLE = YES;
				IPHONEOS_DEPLOYMENT_TARGET = 17.5;
				LOCALIZATION_PREFERS_STRING_CATALOGS = YES;
				MTL_ENABLE_DEBUG_INFO = NO;
				MTL_FAST_MATH = YES;
				SDKROOT = iphoneos;
				SWIFT_COMPILATION_MODE = wholemodule;
				VALIDATE_PRODUCT = YES;
			};
			name = Release;
		};
		4D0537602C2574A5004999EF /* Debug */ = {
			isa = XCBuildConfiguration;
			baseConfigurationReference = B999291451CF65225D8C4315 /* Pods-App_ToDoList.debug.xcconfig */;
			buildSettings = {
				ASSETCATALOG_COMPILER_APPICON_NAME = AppIcon;
				ASSETCATALOG_COMPILER_GLOBAL_ACCENT_COLOR_NAME = AccentColor;
				CODE_SIGN_STYLE = Automatic;
				CURRENT_PROJECT_VERSION = 1;
				DEVELOPMENT_ASSET_PATHS = "\"App_ToDoList/Preview Content\"";
				ENABLE_PREVIEWS = YES;
				GENERATE_INFOPLIST_FILE = YES;
				INFOPLIST_KEY_UIApplicationSceneManifest_Generation = YES;
				INFOPLIST_KEY_UIApplicationSupportsIndirectInputEvents = YES;
				INFOPLIST_KEY_UILaunchScreen_Generation = YES;
				INFOPLIST_KEY_UISupportedInterfaceOrientations_iPad = "UIInterfaceOrientationPortrait UIInterfaceOrientationPortraitUpsideDown UIInterfaceOrientationLandscapeLeft UIInterfaceOrientationLandscapeRight";
				INFOPLIST_KEY_UISupportedInterfaceOrientations_iPhone = "UIInterfaceOrientationPortrait UIInterfaceOrientationLandscapeLeft UIInterfaceOrientationLandscapeRight";
				LD_RUNPATH_SEARCH_PATHS = (
					"$(inherited)",
					"@executable_path/Frameworks",
				);
				MARKETING_VERSION = 1.0;
				PRODUCT_BUNDLE_IDENTIFIER = "vladislavK.App-ToDoList";
				PRODUCT_NAME = "$(TARGET_NAME)";
				SWIFT_EMIT_LOC_STRINGS = YES;
				SWIFT_VERSION = 5.0;
				TARGETED_DEVICE_FAMILY = "1,2";
			};
			name = Debug;
		};
		4D0537612C2574A5004999EF /* Release */ = {
			isa = XCBuildConfiguration;
			baseConfigurationReference = 47816A6E26073FF0D0B5A632 /* Pods-App_ToDoList.release.xcconfig */;
			buildSettings = {
				ASSETCATALOG_COMPILER_APPICON_NAME = AppIcon;
				ASSETCATALOG_COMPILER_GLOBAL_ACCENT_COLOR_NAME = AccentColor;
				CODE_SIGN_STYLE = Automatic;
				CURRENT_PROJECT_VERSION = 1;
				DEVELOPMENT_ASSET_PATHS = "\"App_ToDoList/Preview Content\"";
				ENABLE_PREVIEWS = YES;
				GENERATE_INFOPLIST_FILE = YES;
				INFOPLIST_KEY_UIApplicationSceneManifest_Generation = YES;
				INFOPLIST_KEY_UIApplicationSupportsIndirectInputEvents = YES;
				INFOPLIST_KEY_UILaunchScreen_Generation = YES;
				INFOPLIST_KEY_UISupportedInterfaceOrientations_iPad = "UIInterfaceOrientationPortrait UIInterfaceOrientationPortraitUpsideDown UIInterfaceOrientationLandscapeLeft UIInterfaceOrientationLandscapeRight";
				INFOPLIST_KEY_UISupportedInterfaceOrientations_iPhone = "UIInterfaceOrientationPortrait UIInterfaceOrientationLandscapeLeft UIInterfaceOrientationLandscapeRight";
				LD_RUNPATH_SEARCH_PATHS = (
					"$(inherited)",
					"@executable_path/Frameworks",
				);
				MARKETING_VERSION = 1.0;
				PRODUCT_BUNDLE_IDENTIFIER = "vladislavK.App-ToDoList";
				PRODUCT_NAME = "$(TARGET_NAME)";
				SWIFT_EMIT_LOC_STRINGS = YES;
				SWIFT_VERSION = 5.0;
				TARGETED_DEVICE_FAMILY = "1,2";
			};
			name = Release;
		};
		4D0537632C2574A5004999EF /* Debug */ = {
			isa = XCBuildConfiguration;
			baseConfigurationReference = 3D7221B55149ACE2382ACF64 /* Pods-App_ToDoListTests.debug.xcconfig */;
			buildSettings = {
				ALWAYS_EMBED_SWIFT_STANDARD_LIBRARIES = YES;
				BUNDLE_LOADER = "$(TEST_HOST)";
				CODE_SIGN_STYLE = Automatic;
				CURRENT_PROJECT_VERSION = 1;
				GENERATE_INFOPLIST_FILE = YES;
				IPHONEOS_DEPLOYMENT_TARGET = 17.5;
				MARKETING_VERSION = 1.0;
				PRODUCT_BUNDLE_IDENTIFIER = "vladislavK.App-ToDoListTests";
				PRODUCT_NAME = "$(TARGET_NAME)";
				SWIFT_EMIT_LOC_STRINGS = NO;
				SWIFT_VERSION = 5.0;
				TARGETED_DEVICE_FAMILY = "1,2";
				TEST_HOST = "$(BUILT_PRODUCTS_DIR)/App_ToDoList.app/$(BUNDLE_EXECUTABLE_FOLDER_PATH)/App_ToDoList";
			};
			name = Debug;
		};
		4D0537642C2574A5004999EF /* Release */ = {
			isa = XCBuildConfiguration;
			baseConfigurationReference = 807C216F57319C7E81B69FD8 /* Pods-App_ToDoListTests.release.xcconfig */;
			buildSettings = {
				ALWAYS_EMBED_SWIFT_STANDARD_LIBRARIES = YES;
				BUNDLE_LOADER = "$(TEST_HOST)";
				CODE_SIGN_STYLE = Automatic;
				CURRENT_PROJECT_VERSION = 1;
				GENERATE_INFOPLIST_FILE = YES;
				IPHONEOS_DEPLOYMENT_TARGET = 17.5;
				MARKETING_VERSION = 1.0;
				PRODUCT_BUNDLE_IDENTIFIER = "vladislavK.App-ToDoListTests";
				PRODUCT_NAME = "$(TARGET_NAME)";
				SWIFT_EMIT_LOC_STRINGS = NO;
				SWIFT_VERSION = 5.0;
				TARGETED_DEVICE_FAMILY = "1,2";
				TEST_HOST = "$(BUILT_PRODUCTS_DIR)/App_ToDoList.app/$(BUNDLE_EXECUTABLE_FOLDER_PATH)/App_ToDoList";
			};
			name = Release;
		};
		4D0537662C2574A5004999EF /* Debug */ = {
			isa = XCBuildConfiguration;
			baseConfigurationReference = 1DC236EAD9049E6C12582372 /* Pods-App_ToDoList-App_ToDoListUITests.debug.xcconfig */;
			buildSettings = {
				ALWAYS_EMBED_SWIFT_STANDARD_LIBRARIES = YES;
				CODE_SIGN_STYLE = Automatic;
				CURRENT_PROJECT_VERSION = 1;
				GENERATE_INFOPLIST_FILE = YES;
				MARKETING_VERSION = 1.0;
				PRODUCT_BUNDLE_IDENTIFIER = "vladislavK.App-ToDoListUITests";
				PRODUCT_NAME = "$(TARGET_NAME)";
				SWIFT_EMIT_LOC_STRINGS = NO;
				SWIFT_VERSION = 5.0;
				TARGETED_DEVICE_FAMILY = "1,2";
				TEST_TARGET_NAME = App_ToDoList;
			};
			name = Debug;
		};
		4D0537672C2574A5004999EF /* Release */ = {
			isa = XCBuildConfiguration;
			baseConfigurationReference = 356B9087FB821782F9F34C9D /* Pods-App_ToDoList-App_ToDoListUITests.release.xcconfig */;
			buildSettings = {
				ALWAYS_EMBED_SWIFT_STANDARD_LIBRARIES = YES;
				CODE_SIGN_STYLE = Automatic;
				CURRENT_PROJECT_VERSION = 1;
				GENERATE_INFOPLIST_FILE = YES;
				MARKETING_VERSION = 1.0;
				PRODUCT_BUNDLE_IDENTIFIER = "vladislavK.App-ToDoListUITests";
				PRODUCT_NAME = "$(TARGET_NAME)";
				SWIFT_EMIT_LOC_STRINGS = NO;
				SWIFT_VERSION = 5.0;
				TARGETED_DEVICE_FAMILY = "1,2";
				TEST_TARGET_NAME = App_ToDoList;
			};
			name = Release;
		};
/* End XCBuildConfiguration section */

/* Begin XCConfigurationList section */
		4D0537362C2574A3004999EF /* Build configuration list for PBXProject "App_ToDoList" */ = {
			isa = XCConfigurationList;
			buildConfigurations = (
				4D05375D2C2574A5004999EF /* Debug */,
				4D05375E2C2574A5004999EF /* Release */,
			);
			defaultConfigurationIsVisible = 0;
			defaultConfigurationName = Release;
		};
		4D05375F2C2574A5004999EF /* Build configuration list for PBXNativeTarget "App_ToDoList" */ = {
			isa = XCConfigurationList;
			buildConfigurations = (
				4D0537602C2574A5004999EF /* Debug */,
				4D0537612C2574A5004999EF /* Release */,
			);
			defaultConfigurationIsVisible = 0;
			defaultConfigurationName = Release;
		};
		4D0537622C2574A5004999EF /* Build configuration list for PBXNativeTarget "App_ToDoListTests" */ = {
			isa = XCConfigurationList;
			buildConfigurations = (
				4D0537632C2574A5004999EF /* Debug */,
				4D0537642C2574A5004999EF /* Release */,
			);
			defaultConfigurationIsVisible = 0;
			defaultConfigurationName = Release;
		};
		4D0537652C2574A5004999EF /* Build configuration list for PBXNativeTarget "App_ToDoListUITests" */ = {
			isa = XCConfigurationList;
			buildConfigurations = (
				4D0537662C2574A5004999EF /* Debug */,
				4D0537672C2574A5004999EF /* Release */,
			);
			defaultConfigurationIsVisible = 0;
			defaultConfigurationName = Release;
		};
/* End XCConfigurationList section */

/* Begin XCRemoteSwiftPackageReference section */
		4D500EB22C3D7704005797A4 /* XCRemoteSwiftPackageReference "CocoaLumberjack" */ = {
			isa = XCRemoteSwiftPackageReference;
			repositoryURL = "https://github.com/CocoaLumberjack/CocoaLumberjack";
			requirement = {
				kind = upToNextMajorVersion;
				minimumVersion = 3.8.5;
			};
		};
/* End XCRemoteSwiftPackageReference section */

/* Begin XCSwiftPackageProductDependency section */
		4D500EB32C3D7704005797A4 /* CocoaLumberjack */ = {
			isa = XCSwiftPackageProductDependency;
			package = 4D500EB22C3D7704005797A4 /* XCRemoteSwiftPackageReference "CocoaLumberjack" */;
			productName = CocoaLumberjack;
		};
		4D500EB52C3D7704005797A4 /* CocoaLumberjackSwift */ = {
			isa = XCSwiftPackageProductDependency;
			package = 4D500EB22C3D7704005797A4 /* XCRemoteSwiftPackageReference "CocoaLumberjack" */;
			productName = CocoaLumberjackSwift;
		};
		4D500EB72C3D7704005797A4 /* CocoaLumberjackSwiftLogBackend */ = {
			isa = XCSwiftPackageProductDependency;
			package = 4D500EB22C3D7704005797A4 /* XCRemoteSwiftPackageReference "CocoaLumberjack" */;
			productName = CocoaLumberjackSwiftLogBackend;
		};
/* End XCSwiftPackageProductDependency section */
	};
	rootObject = 4D0537332C2574A3004999EF /* Project object */;
}
