// !$*UTF8*$!
{
	archiveVersion = 1;
	classes = {
	};
	objectVersion = 56;
	objects = {

/* Begin PBXBuildFile section */
		4D05373F2C2574A3004999EF /* App_ToDoListApp.swift in Sources */ = {isa = PBXBuildFile; fileRef = 4D05373E2C2574A3004999EF /* App_ToDoListApp.swift */; };
		4D0537432C2574A5004999EF /* Assets.xcassets in Resources */ = {isa = PBXBuildFile; fileRef = 4D0537422C2574A5004999EF /* Assets.xcassets */; };
		4D0537462C2574A5004999EF /* Preview Assets.xcassets in Resources */ = {isa = PBXBuildFile; fileRef = 4D0537452C2574A5004999EF /* Preview Assets.xcassets */; };
		4D0537502C2574A5004999EF /* App_ToDoListTests.swift in Sources */ = {isa = PBXBuildFile; fileRef = 4D05374F2C2574A5004999EF /* App_ToDoListTests.swift */; };
		4D05375A2C2574A5004999EF /* App_ToDoListUITests.swift in Sources */ = {isa = PBXBuildFile; fileRef = 4D0537592C2574A5004999EF /* App_ToDoListUITests.swift */; };
		4D05375C2C2574A5004999EF /* App_ToDoListUITestsLaunchTests.swift in Sources */ = {isa = PBXBuildFile; fileRef = 4D05375B2C2574A5004999EF /* App_ToDoListUITestsLaunchTests.swift */; };
		4DE4E2FD2C29E43D00624946 /* ParcingJson.swift in Sources */ = {isa = PBXBuildFile; fileRef = 4DE4E2FC2C29E43D00624946 /* ParcingJson.swift */; };
		4DE4E2FF2C29E45C00624946 /* ParcingCSV.swift in Sources */ = {isa = PBXBuildFile; fileRef = 4DE4E2FE2C29E45C00624946 /* ParcingCSV.swift */; };
		4DE4E3012C29E4AA00624946 /* ToDoItem.swift in Sources */ = {isa = PBXBuildFile; fileRef = 4DE4E3002C29E4AA00624946 /* ToDoItem.swift */; };
		4DE4E3072C29E92A00624946 /* FileCache.swift in Sources */ = {isa = PBXBuildFile; fileRef = 4DE4E3062C29E92A00624946 /* FileCache.swift */; };
		4DE4E3092C29E98A00624946 /* ToDoItemTests.swift in Sources */ = {isa = PBXBuildFile; fileRef = 4DE4E3082C29E98A00624946 /* ToDoItemTests.swift */; };
		4DE4E30B2C29E9D200624946 /* FileCacheTests.swift in Sources */ = {isa = PBXBuildFile; fileRef = 4DE4E30A2C29E9D200624946 /* FileCacheTests.swift */; };
		4DE4E30D2C29FFDC00624946 /* MainScreen.swift in Sources */ = {isa = PBXBuildFile; fileRef = 4DE4E30C2C29FFDC00624946 /* MainScreen.swift */; };
		4DE4E3132C2A8D5D00624946 /* CreateEditScreen.swift in Sources */ = {isa = PBXBuildFile; fileRef = 4DE4E3122C2A8D5D00624946 /* CreateEditScreen.swift */; };
		4DE4E3152C2A8F7500624946 /* TaskStorage.swift in Sources */ = {isa = PBXBuildFile; fileRef = 4DE4E3142C2A8F7500624946 /* TaskStorage.swift */; };
		4DE4E3172C2AA16400624946 /* TaskRow.swift in Sources */ = {isa = PBXBuildFile; fileRef = 4DE4E3162C2AA16400624946 /* TaskRow.swift */; };
		4DE4E31C2C2F4F5300624946 /* ColorPicker.swift in Sources */ = {isa = PBXBuildFile; fileRef = 4DE4E31B2C2F4F5300624946 /* ColorPicker.swift */; };
		4DE4E3202C2F703100624946 /* KeyboardAdaptiveModifire.swift in Sources */ = {isa = PBXBuildFile; fileRef = 4DE4E31F2C2F703100624946 /* KeyboardAdaptiveModifire.swift */; };
/* End PBXBuildFile section */

/* Begin PBXContainerItemProxy section */
		4D05374C2C2574A5004999EF /* PBXContainerItemProxy */ = {
			isa = PBXContainerItemProxy;
			containerPortal = 4D0537332C2574A3004999EF /* Project object */;
			proxyType = 1;
			remoteGlobalIDString = 4D05373A2C2574A3004999EF;
			remoteInfo = App_ToDoList;
		};
		4D0537562C2574A5004999EF /* PBXContainerItemProxy */ = {
			isa = PBXContainerItemProxy;
			containerPortal = 4D0537332C2574A3004999EF /* Project object */;
			proxyType = 1;
			remoteGlobalIDString = 4D05373A2C2574A3004999EF;
			remoteInfo = App_ToDoList;
		};
/* End PBXContainerItemProxy section */

/* Begin PBXFileReference section */
		4D05373B2C2574A3004999EF /* App_ToDoList.app */ = {isa = PBXFileReference; explicitFileType = wrapper.application; includeInIndex = 0; path = App_ToDoList.app; sourceTree = BUILT_PRODUCTS_DIR; };
		4D05373E2C2574A3004999EF /* App_ToDoListApp.swift */ = {isa = PBXFileReference; lastKnownFileType = sourcecode.swift; path = App_ToDoListApp.swift; sourceTree = "<group>"; };
		4D0537422C2574A5004999EF /* Assets.xcassets */ = {isa = PBXFileReference; lastKnownFileType = folder.assetcatalog; path = Assets.xcassets; sourceTree = "<group>"; };
		4D0537452C2574A5004999EF /* Preview Assets.xcassets */ = {isa = PBXFileReference; lastKnownFileType = folder.assetcatalog; path = "Preview Assets.xcassets"; sourceTree = "<group>"; };
		4D05374B2C2574A5004999EF /* App_ToDoListTests.xctest */ = {isa = PBXFileReference; explicitFileType = wrapper.cfbundle; includeInIndex = 0; path = App_ToDoListTests.xctest; sourceTree = BUILT_PRODUCTS_DIR; };
		4D05374F2C2574A5004999EF /* App_ToDoListTests.swift */ = {isa = PBXFileReference; lastKnownFileType = sourcecode.swift; path = App_ToDoListTests.swift; sourceTree = "<group>"; };
		4D0537552C2574A5004999EF /* App_ToDoListUITests.xctest */ = {isa = PBXFileReference; explicitFileType = wrapper.cfbundle; includeInIndex = 0; path = App_ToDoListUITests.xctest; sourceTree = BUILT_PRODUCTS_DIR; };
		4D0537592C2574A5004999EF /* App_ToDoListUITests.swift */ = {isa = PBXFileReference; lastKnownFileType = sourcecode.swift; path = App_ToDoListUITests.swift; sourceTree = "<group>"; };
		4D05375B2C2574A5004999EF /* App_ToDoListUITestsLaunchTests.swift */ = {isa = PBXFileReference; lastKnownFileType = sourcecode.swift; path = App_ToDoListUITestsLaunchTests.swift; sourceTree = "<group>"; };
		4DE4E2FC2C29E43D00624946 /* ParcingJson.swift */ = {isa = PBXFileReference; lastKnownFileType = sourcecode.swift; path = ParcingJson.swift; sourceTree = "<group>"; };
		4DE4E2FE2C29E45C00624946 /* ParcingCSV.swift */ = {isa = PBXFileReference; lastKnownFileType = sourcecode.swift; path = ParcingCSV.swift; sourceTree = "<group>"; };
		4DE4E3002C29E4AA00624946 /* ToDoItem.swift */ = {isa = PBXFileReference; lastKnownFileType = sourcecode.swift; path = ToDoItem.swift; sourceTree = "<group>"; };
		4DE4E3062C29E92A00624946 /* FileCache.swift */ = {isa = PBXFileReference; lastKnownFileType = sourcecode.swift; path = FileCache.swift; sourceTree = "<group>"; };
		4DE4E3082C29E98A00624946 /* ToDoItemTests.swift */ = {isa = PBXFileReference; lastKnownFileType = sourcecode.swift; path = ToDoItemTests.swift; sourceTree = "<group>"; };
		4DE4E30A2C29E9D200624946 /* FileCacheTests.swift */ = {isa = PBXFileReference; lastKnownFileType = sourcecode.swift; path = FileCacheTests.swift; sourceTree = "<group>"; };
		4DE4E30C2C29FFDC00624946 /* MainScreen.swift */ = {isa = PBXFileReference; lastKnownFileType = sourcecode.swift; path = MainScreen.swift; sourceTree = "<group>"; };
		4DE4E3122C2A8D5D00624946 /* CreateEditScreen.swift */ = {isa = PBXFileReference; lastKnownFileType = sourcecode.swift; path = CreateEditScreen.swift; sourceTree = "<group>"; };
		4DE4E3142C2A8F7500624946 /* TaskStorage.swift */ = {isa = PBXFileReference; lastKnownFileType = sourcecode.swift; name = TaskStorage.swift; path = ../TaskStorage.swift; sourceTree = "<group>"; };
		4DE4E3162C2AA16400624946 /* TaskRow.swift */ = {isa = PBXFileReference; lastKnownFileType = sourcecode.swift; path = TaskRow.swift; sourceTree = "<group>"; };
		4DE4E31B2C2F4F5300624946 /* ColorPicker.swift */ = {isa = PBXFileReference; lastKnownFileType = sourcecode.swift; path = ColorPicker.swift; sourceTree = "<group>"; };
		4DE4E31F2C2F703100624946 /* KeyboardAdaptiveModifire.swift */ = {isa = PBXFileReference; lastKnownFileType = sourcecode.swift; name = KeyboardAdaptiveModifire.swift; path = ../KeyboardAdaptiveModifire.swift; sourceTree = "<group>"; };
/* End PBXFileReference section */

/* Begin PBXFrameworksBuildPhase section */
		4D0537382C2574A3004999EF /* Frameworks */ = {
			isa = PBXFrameworksBuildPhase;
			buildActionMask = 2147483647;
			files = (
			);
			runOnlyForDeploymentPostprocessing = 0;
		};
		4D0537482C2574A5004999EF /* Frameworks */ = {
			isa = PBXFrameworksBuildPhase;
			buildActionMask = 2147483647;
			files = (
			);
			runOnlyForDeploymentPostprocessing = 0;
		};
		4D0537522C2574A5004999EF /* Frameworks */ = {
			isa = PBXFrameworksBuildPhase;
			buildActionMask = 2147483647;
			files = (
			);
			runOnlyForDeploymentPostprocessing = 0;
		};
/* End PBXFrameworksBuildPhase section */

/* Begin PBXGroup section */
		4D0537322C2574A3004999EF = {
			isa = PBXGroup;
			children = (
				4D05373D2C2574A3004999EF /* App_ToDoList */,
				4D05374E2C2574A5004999EF /* App_ToDoListTests */,
				4D0537582C2574A5004999EF /* App_ToDoListUITests */,
				4D05373C2C2574A3004999EF /* Products */,
			);
			sourceTree = "<group>";
		};
		4D05373C2C2574A3004999EF /* Products */ = {
			isa = PBXGroup;
			children = (
				4D05373B2C2574A3004999EF /* App_ToDoList.app */,
				4D05374B2C2574A5004999EF /* App_ToDoListTests.xctest */,
				4D0537552C2574A5004999EF /* App_ToDoListUITests.xctest */,
			);
			name = Products;
			sourceTree = "<group>";
		};
		4D05373D2C2574A3004999EF /* App_ToDoList */ = {
			isa = PBXGroup;
			children = (
				4DE4E3052C29E8A400624946 /* Services */,
				4DE4E3042C29E88700624946 /* Models */,
				4D05373E2C2574A3004999EF /* App_ToDoListApp.swift */,
				4DE4E30C2C29FFDC00624946 /* MainScreen.swift */,
				4DE4E3122C2A8D5D00624946 /* CreateEditScreen.swift */,
				4DE4E3162C2AA16400624946 /* TaskRow.swift */,
				4D0537422C2574A5004999EF /* Assets.xcassets */,
				4D0537442C2574A5004999EF /* Preview Content */,
			);
			path = App_ToDoList;
			sourceTree = "<group>";
		};
		4D0537442C2574A5004999EF /* Preview Content */ = {
			isa = PBXGroup;
			children = (
				4D0537452C2574A5004999EF /* Preview Assets.xcassets */,
			);
			path = "Preview Content";
			sourceTree = "<group>";
		};
		4D05374E2C2574A5004999EF /* App_ToDoListTests */ = {
			isa = PBXGroup;
			children = (
				4D05374F2C2574A5004999EF /* App_ToDoListTests.swift */,
				4DE4E3082C29E98A00624946 /* ToDoItemTests.swift */,
				4DE4E30A2C29E9D200624946 /* FileCacheTests.swift */,
			);
			path = App_ToDoListTests;
			sourceTree = "<group>";
		};
		4D0537582C2574A5004999EF /* App_ToDoListUITests */ = {
			isa = PBXGroup;
			children = (
				4D0537592C2574A5004999EF /* App_ToDoListUITests.swift */,
				4D05375B2C2574A5004999EF /* App_ToDoListUITestsLaunchTests.swift */,
			);
			path = App_ToDoListUITests;
			sourceTree = "<group>";
		};
		4DE4E3042C29E88700624946 /* Models */ = {
			isa = PBXGroup;
			children = (
				4DE4E3002C29E4AA00624946 /* ToDoItem.swift */,
				4DE4E2FC2C29E43D00624946 /* ParcingJson.swift */,
				4DE4E2FE2C29E45C00624946 /* ParcingCSV.swift */,
				4DE4E3142C2A8F7500624946 /* TaskStorage.swift */,
				4DE4E31B2C2F4F5300624946 /* ColorPicker.swift */,
			);
			path = Models;
			sourceTree = "<group>";
		};
		4DE4E3052C29E8A400624946 /* Services */ = {
			isa = PBXGroup;
			children = (
				4DE4E31F2C2F703100624946 /* KeyboardAdaptiveModifire.swift */,
				4DE4E3062C29E92A00624946 /* FileCache.swift */,
			);
			path = Services;
			sourceTree = "<group>";
		};
/* End PBXGroup section */

/* Begin PBXNativeTarget section */
		4D05373A2C2574A3004999EF /* App_ToDoList */ = {
			isa = PBXNativeTarget;
			buildConfigurationList = 4D05375F2C2574A5004999EF /* Build configuration list for PBXNativeTarget "App_ToDoList" */;
			buildPhases = (
				4D0537372C2574A3004999EF /* Sources */,
				4D0537382C2574A3004999EF /* Frameworks */,
				4D0537392C2574A3004999EF /* Resources */,
			);
			buildRules = (
			);
			dependencies = (
			);
			name = App_ToDoList;
			productName = App_ToDoList;
			productReference = 4D05373B2C2574A3004999EF /* App_ToDoList.app */;
			productType = "com.apple.product-type.application";
		};
		4D05374A2C2574A5004999EF /* App_ToDoListTests */ = {
			isa = PBXNativeTarget;
			buildConfigurationList = 4D0537622C2574A5004999EF /* Build configuration list for PBXNativeTarget "App_ToDoListTests" */;
			buildPhases = (
				4D0537472C2574A5004999EF /* Sources */,
				4D0537482C2574A5004999EF /* Frameworks */,
				4D0537492C2574A5004999EF /* Resources */,
			);
			buildRules = (
			);
			dependencies = (
				4D05374D2C2574A5004999EF /* PBXTargetDependency */,
			);
			name = App_ToDoListTests;
			productName = App_ToDoListTests;
			productReference = 4D05374B2C2574A5004999EF /* App_ToDoListTests.xctest */;
			productType = "com.apple.product-type.bundle.unit-test";
		};
		4D0537542C2574A5004999EF /* App_ToDoListUITests */ = {
			isa = PBXNativeTarget;
			buildConfigurationList = 4D0537652C2574A5004999EF /* Build configuration list for PBXNativeTarget "App_ToDoListUITests" */;
			buildPhases = (
				4D0537512C2574A5004999EF /* Sources */,
				4D0537522C2574A5004999EF /* Frameworks */,
				4D0537532C2574A5004999EF /* Resources */,
			);
			buildRules = (
			);
			dependencies = (
				4D0537572C2574A5004999EF /* PBXTargetDependency */,
			);
			name = App_ToDoListUITests;
			productName = App_ToDoListUITests;
			productReference = 4D0537552C2574A5004999EF /* App_ToDoListUITests.xctest */;
			productType = "com.apple.product-type.bundle.ui-testing";
		};
/* End PBXNativeTarget section */

/* Begin PBXProject section */
		4D0537332C2574A3004999EF /* Project object */ = {
			isa = PBXProject;
			attributes = {
				BuildIndependentTargetsInParallel = 1;
				LastSwiftUpdateCheck = 1540;
				LastUpgradeCheck = 1540;
				TargetAttributes = {
					4D05373A2C2574A3004999EF = {
						CreatedOnToolsVersion = 15.4;
					};
					4D05374A2C2574A5004999EF = {
						CreatedOnToolsVersion = 15.4;
						TestTargetID = 4D05373A2C2574A3004999EF;
					};
					4D0537542C2574A5004999EF = {
						CreatedOnToolsVersion = 15.4;
						TestTargetID = 4D05373A2C2574A3004999EF;
					};
				};
			};
			buildConfigurationList = 4D0537362C2574A3004999EF /* Build configuration list for PBXProject "App_ToDoList" */;
			compatibilityVersion = "Xcode 14.0";
			developmentRegion = en;
			hasScannedForEncodings = 0;
			knownRegions = (
				en,
				Base,
			);
			mainGroup = 4D0537322C2574A3004999EF;
			productRefGroup = 4D05373C2C2574A3004999EF /* Products */;
			projectDirPath = "";
			projectRoot = "";
			targets = (
				4D05373A2C2574A3004999EF /* App_ToDoList */,
				4D05374A2C2574A5004999EF /* App_ToDoListTests */,
				4D0537542C2574A5004999EF /* App_ToDoListUITests */,
			);
		};
/* End PBXProject section */

/* Begin PBXResourcesBuildPhase section */
		4D0537392C2574A3004999EF /* Resources */ = {
			isa = PBXResourcesBuildPhase;
			buildActionMask = 2147483647;
			files = (
				4D0537462C2574A5004999EF /* Preview Assets.xcassets in Resources */,
				4D0537432C2574A5004999EF /* Assets.xcassets in Resources */,
			);
			runOnlyForDeploymentPostprocessing = 0;
		};
		4D0537492C2574A5004999EF /* Resources */ = {
			isa = PBXResourcesBuildPhase;
			buildActionMask = 2147483647;
			files = (
			);
			runOnlyForDeploymentPostprocessing = 0;
		};
		4D0537532C2574A5004999EF /* Resources */ = {
			isa = PBXResourcesBuildPhase;
			buildActionMask = 2147483647;
			files = (
			);
			runOnlyForDeploymentPostprocessing = 0;
		};
/* End PBXResourcesBuildPhase section */

/* Begin PBXSourcesBuildPhase section */
		4D0537372C2574A3004999EF /* Sources */ = {
			isa = PBXSourcesBuildPhase;
			buildActionMask = 2147483647;
			files = (
				4DE4E2FF2C29E45C00624946 /* ParcingCSV.swift in Sources */,
				4DE4E30D2C29FFDC00624946 /* MainScreen.swift in Sources */,
				4DE4E3172C2AA16400624946 /* TaskRow.swift in Sources */,
				4DE4E3132C2A8D5D00624946 /* CreateEditScreen.swift in Sources */,
				4DE4E3012C29E4AA00624946 /* ToDoItem.swift in Sources */,
				4DE4E31C2C2F4F5300624946 /* ColorPicker.swift in Sources */,
				4DE4E2FD2C29E43D00624946 /* ParcingJson.swift in Sources */,
				4DE4E3152C2A8F7500624946 /* TaskStorage.swift in Sources */,
				4DE4E3072C29E92A00624946 /* FileCache.swift in Sources */,
				4D05373F2C2574A3004999EF /* App_ToDoListApp.swift in Sources */,
				4DE4E3202C2F703100624946 /* KeyboardAdaptiveModifire.swift in Sources */,
			);
			runOnlyForDeploymentPostprocessing = 0;
		};
		4D0537472C2574A5004999EF /* Sources */ = {
			isa = PBXSourcesBuildPhase;
			buildActionMask = 2147483647;
			files = (
				4DE4E3092C29E98A00624946 /* ToDoItemTests.swift in Sources */,
				4DE4E30B2C29E9D200624946 /* FileCacheTests.swift in Sources */,
				4D0537502C2574A5004999EF /* App_ToDoListTests.swift in Sources */,
			);
			runOnlyForDeploymentPostprocessing = 0;
		};
		4D0537512C2574A5004999EF /* Sources */ = {
			isa = PBXSourcesBuildPhase;
			buildActionMask = 2147483647;
			files = (
				4D05375C2C2574A5004999EF /* App_ToDoListUITestsLaunchTests.swift in Sources */,
				4D05375A2C2574A5004999EF /* App_ToDoListUITests.swift in Sources */,
			);
			runOnlyForDeploymentPostprocessing = 0;
		};
/* End PBXSourcesBuildPhase section */

/* Begin PBXTargetDependency section */
		4D05374D2C2574A5004999EF /* PBXTargetDependency */ = {
			isa = PBXTargetDependency;
			target = 4D05373A2C2574A3004999EF /* App_ToDoList */;
			targetProxy = 4D05374C2C2574A5004999EF /* PBXContainerItemProxy */;
		};
		4D0537572C2574A5004999EF /* PBXTargetDependency */ = {
			isa = PBXTargetDependency;
			target = 4D05373A2C2574A3004999EF /* App_ToDoList */;
			targetProxy = 4D0537562C2574A5004999EF /* PBXContainerItemProxy */;
		};
/* End PBXTargetDependency section */

/* Begin XCBuildConfiguration section */
		4D05375D2C2574A5004999EF /* Debug */ = {
			isa = XCBuildConfiguration;
			buildSettings = {
				ALWAYS_SEARCH_USER_PATHS = NO;
				ASSETCATALOG_COMPILER_GENERATE_SWIFT_ASSET_SYMBOL_EXTENSIONS = YES;
				CLANG_ANALYZER_NONNULL = YES;
				CLANG_ANALYZER_NUMBER_OBJECT_CONVERSION = YES_AGGRESSIVE;
				CLANG_CXX_LANGUAGE_STANDARD = "gnu++20";
				CLANG_ENABLE_MODULES = YES;
				CLANG_ENABLE_OBJC_ARC = YES;
				CLANG_ENABLE_OBJC_WEAK = YES;
				CLANG_WARN_BLOCK_CAPTURE_AUTORELEASING = YES;
				CLANG_WARN_BOOL_CONVERSION = YES;
				CLANG_WARN_COMMA = YES;
				CLANG_WARN_CONSTANT_CONVERSION = YES;
				CLANG_WARN_DEPRECATED_OBJC_IMPLEMENTATIONS = YES;
				CLANG_WARN_DIRECT_OBJC_ISA_USAGE = YES_ERROR;
				CLANG_WARN_DOCUMENTATION_COMMENTS = YES;
				CLANG_WARN_EMPTY_BODY = YES;
				CLANG_WARN_ENUM_CONVERSION = YES;
				CLANG_WARN_INFINITE_RECURSION = YES;
				CLANG_WARN_INT_CONVERSION = YES;
				CLANG_WARN_NON_LITERAL_NULL_CONVERSION = YES;
				CLANG_WARN_OBJC_IMPLICIT_RETAIN_SELF = YES;
				CLANG_WARN_OBJC_LITERAL_CONVERSION = YES;
				CLANG_WARN_OBJC_ROOT_CLASS = YES_ERROR;
				CLANG_WARN_QUOTED_INCLUDE_IN_FRAMEWORK_HEADER = YES;
				CLANG_WARN_RANGE_LOOP_ANALYSIS = YES;
				CLANG_WARN_STRICT_PROTOTYPES = YES;
				CLANG_WARN_SUSPICIOUS_MOVE = YES;
				CLANG_WARN_UNGUARDED_AVAILABILITY = YES_AGGRESSIVE;
				CLANG_WARN_UNREACHABLE_CODE = YES;
				CLANG_WARN__DUPLICATE_METHOD_MATCH = YES;
				COPY_PHASE_STRIP = NO;
				DEBUG_INFORMATION_FORMAT = dwarf;
				ENABLE_STRICT_OBJC_MSGSEND = YES;
				ENABLE_TESTABILITY = YES;
				ENABLE_USER_SCRIPT_SANDBOXING = YES;
				GCC_C_LANGUAGE_STANDARD = gnu17;
				GCC_DYNAMIC_NO_PIC = NO;
				GCC_NO_COMMON_BLOCKS = YES;
				GCC_OPTIMIZATION_LEVEL = 0;
				GCC_PREPROCESSOR_DEFINITIONS = (
					"DEBUG=1",
					"$(inherited)",
				);
				GCC_WARN_64_TO_32_BIT_CONVERSION = YES;
				GCC_WARN_ABOUT_RETURN_TYPE = YES_ERROR;
				GCC_WARN_UNDECLARED_SELECTOR = YES;
				GCC_WARN_UNINITIALIZED_AUTOS = YES_AGGRESSIVE;
				GCC_WARN_UNUSED_FUNCTION = YES;
				GCC_WARN_UNUSED_VARIABLE = YES;
				IPHONEOS_DEPLOYMENT_TARGET = 17.5;
				LOCALIZATION_PREFERS_STRING_CATALOGS = YES;
				MTL_ENABLE_DEBUG_INFO = INCLUDE_SOURCE;
				MTL_FAST_MATH = YES;
				ONLY_ACTIVE_ARCH = YES;
				SDKROOT = iphoneos;
				SWIFT_ACTIVE_COMPILATION_CONDITIONS = "DEBUG $(inherited)";
				SWIFT_OPTIMIZATION_LEVEL = "-Onone";
			};
			name = Debug;
		};
		4D05375E2C2574A5004999EF /* Release */ = {
			isa = XCBuildConfiguration;
			buildSettings = {
				ALWAYS_SEARCH_USER_PATHS = NO;
				ASSETCATALOG_COMPILER_GENERATE_SWIFT_ASSET_SYMBOL_EXTENSIONS = YES;
				CLANG_ANALYZER_NONNULL = YES;
				CLANG_ANALYZER_NUMBER_OBJECT_CONVERSION = YES_AGGRESSIVE;
				CLANG_CXX_LANGUAGE_STANDARD = "gnu++20";
				CLANG_ENABLE_MODULES = YES;
				CLANG_ENABLE_OBJC_ARC = YES;
				CLANG_ENABLE_OBJC_WEAK = YES;
				CLANG_WARN_BLOCK_CAPTURE_AUTORELEASING = YES;
				CLANG_WARN_BOOL_CONVERSION = YES;
				CLANG_WARN_COMMA = YES;
				CLANG_WARN_CONSTANT_CONVERSION = YES;
				CLANG_WARN_DEPRECATED_OBJC_IMPLEMENTATIONS = YES;
				CLANG_WARN_DIRECT_OBJC_ISA_USAGE = YES_ERROR;
				CLANG_WARN_DOCUMENTATION_COMMENTS = YES;
				CLANG_WARN_EMPTY_BODY = YES;
				CLANG_WARN_ENUM_CONVERSION = YES;
				CLANG_WARN_INFINITE_RECURSION = YES;
				CLANG_WARN_INT_CONVERSION = YES;
				CLANG_WARN_NON_LITERAL_NULL_CONVERSION = YES;
				CLANG_WARN_OBJC_IMPLICIT_RETAIN_SELF = YES;
				CLANG_WARN_OBJC_LITERAL_CONVERSION = YES;
				CLANG_WARN_OBJC_ROOT_CLASS = YES_ERROR;
				CLANG_WARN_QUOTED_INCLUDE_IN_FRAMEWORK_HEADER = YES;
				CLANG_WARN_RANGE_LOOP_ANALYSIS = YES;
				CLANG_WARN_STRICT_PROTOTYPES = YES;
				CLANG_WARN_SUSPICIOUS_MOVE = YES;
				CLANG_WARN_UNGUARDED_AVAILABILITY = YES_AGGRESSIVE;
				CLANG_WARN_UNREACHABLE_CODE = YES;
				CLANG_WARN__DUPLICATE_METHOD_MATCH = YES;
				COPY_PHASE_STRIP = NO;
				DEBUG_INFORMATION_FORMAT = "dwarf-with-dsym";
				ENABLE_NS_ASSERTIONS = NO;
				ENABLE_STRICT_OBJC_MSGSEND = YES;
				ENABLE_USER_SCRIPT_SANDBOXING = YES;
				GCC_C_LANGUAGE_STANDARD = gnu17;
				GCC_NO_COMMON_BLOCKS = YES;
				GCC_WARN_64_TO_32_BIT_CONVERSION = YES;
				GCC_WARN_ABOUT_RETURN_TYPE = YES_ERROR;
				GCC_WARN_UNDECLARED_SELECTOR = YES;
				GCC_WARN_UNINITIALIZED_AUTOS = YES_AGGRESSIVE;
				GCC_WARN_UNUSED_FUNCTION = YES;
				GCC_WARN_UNUSED_VARIABLE = YES;
				IPHONEOS_DEPLOYMENT_TARGET = 17.5;
				LOCALIZATION_PREFERS_STRING_CATALOGS = YES;
				MTL_ENABLE_DEBUG_INFO = NO;
				MTL_FAST_MATH = YES;
				SDKROOT = iphoneos;
				SWIFT_COMPILATION_MODE = wholemodule;
				VALIDATE_PRODUCT = YES;
			};
			name = Release;
		};
		4D0537602C2574A5004999EF /* Debug */ = {
			isa = XCBuildConfiguration;
			buildSettings = {
				ASSETCATALOG_COMPILER_APPICON_NAME = AppIcon;
				ASSETCATALOG_COMPILER_GLOBAL_ACCENT_COLOR_NAME = AccentColor;
				CODE_SIGN_STYLE = Automatic;
				CURRENT_PROJECT_VERSION = 1;
				DEVELOPMENT_ASSET_PATHS = "\"App_ToDoList/Preview Content\"";
				ENABLE_PREVIEWS = YES;
				GENERATE_INFOPLIST_FILE = YES;
				INFOPLIST_KEY_UIApplicationSceneManifest_Generation = YES;
				INFOPLIST_KEY_UIApplicationSupportsIndirectInputEvents = YES;
				INFOPLIST_KEY_UILaunchScreen_Generation = YES;
				INFOPLIST_KEY_UISupportedInterfaceOrientations_iPad = "UIInterfaceOrientationPortrait UIInterfaceOrientationPortraitUpsideDown UIInterfaceOrientationLandscapeLeft UIInterfaceOrientationLandscapeRight";
				INFOPLIST_KEY_UISupportedInterfaceOrientations_iPhone = "UIInterfaceOrientationPortrait UIInterfaceOrientationLandscapeLeft UIInterfaceOrientationLandscapeRight";
				LD_RUNPATH_SEARCH_PATHS = (
					"$(inherited)",
					"@executable_path/Frameworks",
				);
				MARKETING_VERSION = 1.0;
				PRODUCT_BUNDLE_IDENTIFIER = "vladislavK.App-ToDoList";
				PRODUCT_NAME = "$(TARGET_NAME)";
				SWIFT_EMIT_LOC_STRINGS = YES;
				SWIFT_VERSION = 5.0;
				TARGETED_DEVICE_FAMILY = "1,2";
			};
			name = Debug;
		};
		4D0537612C2574A5004999EF /* Release */ = {
			isa = XCBuildConfiguration;
			buildSettings = {
				ASSETCATALOG_COMPILER_APPICON_NAME = AppIcon;
				ASSETCATALOG_COMPILER_GLOBAL_ACCENT_COLOR_NAME = AccentColor;
				CODE_SIGN_STYLE = Automatic;
				CURRENT_PROJECT_VERSION = 1;
				DEVELOPMENT_ASSET_PATHS = "\"App_ToDoList/Preview Content\"";
				ENABLE_PREVIEWS = YES;
				GENERATE_INFOPLIST_FILE = YES;
				INFOPLIST_KEY_UIApplicationSceneManifest_Generation = YES;
				INFOPLIST_KEY_UIApplicationSupportsIndirectInputEvents = YES;
				INFOPLIST_KEY_UILaunchScreen_Generation = YES;
				INFOPLIST_KEY_UISupportedInterfaceOrientations_iPad = "UIInterfaceOrientationPortrait UIInterfaceOrientationPortraitUpsideDown UIInterfaceOrientationLandscapeLeft UIInterfaceOrientationLandscapeRight";
				INFOPLIST_KEY_UISupportedInterfaceOrientations_iPhone = "UIInterfaceOrientationPortrait UIInterfaceOrientationLandscapeLeft UIInterfaceOrientationLandscapeRight";
				LD_RUNPATH_SEARCH_PATHS = (
					"$(inherited)",
					"@executable_path/Frameworks",
				);
				MARKETING_VERSION = 1.0;
				PRODUCT_BUNDLE_IDENTIFIER = "vladislavK.App-ToDoList";
				PRODUCT_NAME = "$(TARGET_NAME)";
				SWIFT_EMIT_LOC_STRINGS = YES;
				SWIFT_VERSION = 5.0;
				TARGETED_DEVICE_FAMILY = "1,2";
			};
			name = Release;
		};
		4D0537632C2574A5004999EF /* Debug */ = {
			isa = XCBuildConfiguration;
			buildSettings = {
				ALWAYS_EMBED_SWIFT_STANDARD_LIBRARIES = YES;
				BUNDLE_LOADER = "$(TEST_HOST)";
				CODE_SIGN_STYLE = Automatic;
				CURRENT_PROJECT_VERSION = 1;
				GENERATE_INFOPLIST_FILE = YES;
				IPHONEOS_DEPLOYMENT_TARGET = 17.5;
				MARKETING_VERSION = 1.0;
				PRODUCT_BUNDLE_IDENTIFIER = "vladislavK.App-ToDoListTests";
				PRODUCT_NAME = "$(TARGET_NAME)";
				SWIFT_EMIT_LOC_STRINGS = NO;
				SWIFT_VERSION = 5.0;
				TARGETED_DEVICE_FAMILY = "1,2";
				TEST_HOST = "$(BUILT_PRODUCTS_DIR)/App_ToDoList.app/$(BUNDLE_EXECUTABLE_FOLDER_PATH)/App_ToDoList";
			};
			name = Debug;
		};
		4D0537642C2574A5004999EF /* Release */ = {
			isa = XCBuildConfiguration;
			buildSettings = {
				ALWAYS_EMBED_SWIFT_STANDARD_LIBRARIES = YES;
				BUNDLE_LOADER = "$(TEST_HOST)";
				CODE_SIGN_STYLE = Automatic;
				CURRENT_PROJECT_VERSION = 1;
				GENERATE_INFOPLIST_FILE = YES;
				IPHONEOS_DEPLOYMENT_TARGET = 17.5;
				MARKETING_VERSION = 1.0;
				PRODUCT_BUNDLE_IDENTIFIER = "vladislavK.App-ToDoListTests";
				PRODUCT_NAME = "$(TARGET_NAME)";
				SWIFT_EMIT_LOC_STRINGS = NO;
				SWIFT_VERSION = 5.0;
				TARGETED_DEVICE_FAMILY = "1,2";
				TEST_HOST = "$(BUILT_PRODUCTS_DIR)/App_ToDoList.app/$(BUNDLE_EXECUTABLE_FOLDER_PATH)/App_ToDoList";
			};
			name = Release;
		};
		4D0537662C2574A5004999EF /* Debug */ = {
			isa = XCBuildConfiguration;
			buildSettings = {
				ALWAYS_EMBED_SWIFT_STANDARD_LIBRARIES = YES;
				CODE_SIGN_STYLE = Automatic;
				CURRENT_PROJECT_VERSION = 1;
				GENERATE_INFOPLIST_FILE = YES;
				MARKETING_VERSION = 1.0;
				PRODUCT_BUNDLE_IDENTIFIER = "vladislavK.App-ToDoListUITests";
				PRODUCT_NAME = "$(TARGET_NAME)";
				SWIFT_EMIT_LOC_STRINGS = NO;
				SWIFT_VERSION = 5.0;
				TARGETED_DEVICE_FAMILY = "1,2";
				TEST_TARGET_NAME = App_ToDoList;
			};
			name = Debug;
		};
		4D0537672C2574A5004999EF /* Release */ = {
			isa = XCBuildConfiguration;
			buildSettings = {
				ALWAYS_EMBED_SWIFT_STANDARD_LIBRARIES = YES;
				CODE_SIGN_STYLE = Automatic;
				CURRENT_PROJECT_VERSION = 1;
				GENERATE_INFOPLIST_FILE = YES;
				MARKETING_VERSION = 1.0;
				PRODUCT_BUNDLE_IDENTIFIER = "vladislavK.App-ToDoListUITests";
				PRODUCT_NAME = "$(TARGET_NAME)";
				SWIFT_EMIT_LOC_STRINGS = NO;
				SWIFT_VERSION = 5.0;
				TARGETED_DEVICE_FAMILY = "1,2";
				TEST_TARGET_NAME = App_ToDoList;
			};
			name = Release;
		};
/* End XCBuildConfiguration section */

/* Begin XCConfigurationList section */
		4D0537362C2574A3004999EF /* Build configuration list for PBXProject "App_ToDoList" */ = {
			isa = XCConfigurationList;
			buildConfigurations = (
				4D05375D2C2574A5004999EF /* Debug */,
				4D05375E2C2574A5004999EF /* Release */,
			);
			defaultConfigurationIsVisible = 0;
			defaultConfigurationName = Release;
		};
		4D05375F2C2574A5004999EF /* Build configuration list for PBXNativeTarget "App_ToDoList" */ = {
			isa = XCConfigurationList;
			buildConfigurations = (
				4D0537602C2574A5004999EF /* Debug */,
				4D0537612C2574A5004999EF /* Release */,
			);
			defaultConfigurationIsVisible = 0;
			defaultConfigurationName = Release;
		};
		4D0537622C2574A5004999EF /* Build configuration list for PBXNativeTarget "App_ToDoListTests" */ = {
			isa = XCConfigurationList;
			buildConfigurations = (
				4D0537632C2574A5004999EF /* Debug */,
				4D0537642C2574A5004999EF /* Release */,
			);
			defaultConfigurationIsVisible = 0;
			defaultConfigurationName = Release;
		};
		4D0537652C2574A5004999EF /* Build configuration list for PBXNativeTarget "App_ToDoListUITests" */ = {
			isa = XCConfigurationList;
			buildConfigurations = (
				4D0537662C2574A5004999EF /* Debug */,
				4D0537672C2574A5004999EF /* Release */,
			);
			defaultConfigurationIsVisible = 0;
			defaultConfigurationName = Release;
		};
/* End XCConfigurationList section */
	};
	rootObject = 4D0537332C2574A3004999EF /* Project object */;
}
